version = 1
revision = 3
requires-python = ">=3.12"

[[package]]
name = "colorama"
version = "0.4.6"
source = { registry = "https://mirrors.aliyun.com/pypi/simple/" }
sdist = { url = "https://mirrors.aliyun.com/pypi/packages/d8/53/6f443c9a4a8358a93a6792e2acffb9d9d5cb0a5cfd8802644b7b1c9a02e4/colorama-0.4.6.tar.gz", hash = "sha256:08695f5cb7ed6e0531a20572697297273c47b8cae5a63ffc6d6ed5c201be6e44" }
wheels = [
    { url = "https://mirrors.aliyun.com/pypi/packages/d1/d6/3965ed04c63042e047cb6a3e6ed1a63a35087b6a609aa3a15ed8ac56c221/colorama-0.4.6-py2.py3-none-any.whl", hash = "sha256:4f1d9991f5acc0ca119f9d443620b77f9d6b33703e51011c16baf57afb285fc6" },
]

[[package]]
name = "cython"
version = "3.3.0"
source = { registry = "https://mirrors.aliyun.com/pypi/simple/" }
sdist = { url = "https://mirrors.aliyun.com/pypi/packages/a9/d8/4981ef716ad0e3ff0d3ef383aefc6b03c4a88dee33b272bf8e0d833001ca/cython-3.3.0.tar.gz", hash = "sha256:eed0d93fbca7087f143b42c34b05a825849bdf17f101572c2105acfa49aa88b8" }
wheels = [
    { url = "https://mirrors.aliyun.com/pypi/packages/da/0f/95bad838a80ac52c9e982dad00bd9a0b2bad57fb4c688e5f53ac3ef65ff0/cython-3.3.0-cp312-cp312-macosx_11_0_arm64.whl", hash = "sha256:03bc5333932f5dda3ba9315298ecdd21daa1b58410bb1f8ce04c78ec8337130a" },
    { url = "https://mirrors.aliyun.com/pypi/packages/91/8b/53d4a84de853b39940a0e35a6a2a9ed5f54cb05468daee95bc0fd1c2a178/cython-3.3.0-cp312-cp312-manylinux2014_aarch64.manylinux_2_17_aarch64.manylinux_2_28_aarch64.whl", hash = "sha256:7e321ae700995a16dc3055ada06ffb8d61e1a7434e5d0e811547a45ac1015ebd" },
    { url = "https://mirrors.aliyun.com/pypi/packages/6a/4e/6b1c5a4e6bbe1726104de007aa2fdf01a3e2e386b4ec93c7be5f5085d53f/cython-3.3.0-cp312-cp312-manylinux2014_x86_64.manylinux_2_17_x86_64.manylinux_2_28_x86_64.whl", hash = "sha256:428fafed98ea26927000a287b4dfc9ef07339f56656a5329a34eaa593f79a4f8" },
    { url = "https://mirrors.aliyun.com/pypi/packages/f4/9b/cd724d91c500116769bdb853450a2197ba3d640dbbe3b02fc54ebdfdbd1b/cython-3.3.0-cp312-cp312-win_amd64.whl", hash = "sha256:333449cc0350baedee5a6af27929eac8a71eac4ec59333c45ff476b33c6c660d" },
    { url = "https://mirrors.aliyun.com/pypi/packages/2f/cc/abc977cf683140e372714acea42164ecfc5cd3d3984ed025860e6d830ee4/cython-3.3.0-cp313-cp313-macosx_11_0_arm64.whl", hash = "sha256:03056533fe4fdbc4f1d34a39178f9a4937ff35196f8bcdde2a67b5b5809c61fe" },
    { url = "https://mirrors.aliyun.com/pypi/packages/a3/60/5367e7c80776a185ac11e0ea738fdaf18b9d0bc21d2c2bafc4d87eb19964/cython-3.3.0-cp313-cp313-manylinux2014_aarch64.manylinux_2_17_aarch64.manylinux_2_28_aarch64.whl", hash = "sha256:bc2f2a6b65a991666cfd35a35bab0cd88ffba4df2f601edb6e76cc8116de24b9" },
    { url = "https://mirrors.aliyun.com/pypi/packages/bc/b8/fc595c60a7b6f5f08b4f6ad65e60688e8c61f76064ebe847eaf85d0c59fa/cython-3.3.0-cp313-cp313-manylinux2014_x86_64.manylinux_2_17_x86_64.manylinux_2_28_x86_64.whl", hash = "sha256:23942b0662642927a55676e4b26e6840fb166dd7d76436384685227e7e8619a4" },
    { url = "https://mirrors.aliyun.com/pypi/packages/d8/d7/376572ff69ef39a9bdcd727124f6c38aa066300e97734a4902a3ae0d2af0/cython-3.3.0-cp313-cp313-win_amd64.whl", hash = "sha256:ab24d1a4fb6aaf0b5b6fcd75a6d70255fbd3130fa78884c26991f8d5502616b5" },
    { url = "https://mirrors.aliyun.com/pypi/packages/8a/7f/e409f76bb955ecdcb746b80350b945fbb808846d797346d647a37e1790ca/cython-3.3.0-cp314-cp314-macosx_11_0_arm64.whl", hash = "sha256:0deedc2e9a5a664e1adfa4c2d310aa7b54903e1a647c274b6c9213f77a02d637" },
    { url = "https://mirrors.aliyun.com/pypi/packages/0e/6b/4a623ab6e4a5b9814b22849665cb212273f9735399a7ebca4f3e8c254f1a/cython-3.3.0-cp314-cp314-manylinux2014_aarch64.manylinux_2_17_aarch64.manylinux_2_28_aarch64.whl", hash = "sha256:46072c0d404616b5e652a63882c79cc3f8a1d62635a8692f56ed0e416a4dfed8" },
    { url = "https://mirrors.aliyun.com/pypi/packages/9f/57/6d620ebee4fc24d89340427702f6ceaf7b956511d1f2222a88c92c1a72b7/cython-3.3.0-cp314-cp314-manylinux2014_x86_64.manylinux_2_17_x86_64.manylinux_2_28_x86_64.whl", hash = "sha256:82f94565b6001bab8e31bf52a0911672910b5735910612a2c0f772c719670006" },
    { url = "https://mirrors.aliyun.com/pypi/packages/73/4e/26e0a584d06c5b3f345df491d2546479606c89217627ee163f1aa55e899f/cython-3.3.0-cp314-cp314-win_amd64.whl", hash = "sha256:51999fb834365721b6c7f689cf6e2ec7c8667aae783df9eb5e589c290a414d9c" },
    { url = "https://mirrors.aliyun.com/pypi/packages/ea/45/7f6988070013e16918e39b1b3dab9c5f2c8e404253a7fd10ee685bbd6902/cython-3.3.0-cp315-cp315-macosx_11_0_arm64.whl", hash = "sha256:596e8df019372a2cd417805015022d42cb8ee4e1803ccdc11ed00e451625fb66" },
    { url = "https://mirrors.aliyun.com/pypi/packages/6e/5d/afb6866ab10236bb208dff0f172ea4b397c9693c5250280c4d9d26057218/cython-3.3.0-cp315-cp315-manylinux2014_aarch64.manylinux_2_17_aarch64.manylinux_2_28_aarch64.whl", hash = "sha256:4a36c34d1950845b8ac148653b07cdc62421a4b0d9abfcc849e69f1c4ff9919d" },
    { url = "https://mirrors.aliyun.com/pypi/packages/c9/aa/4c0b6773ecf6bc1ec6cda7db8312a566611b330fb6dae87d740e44a47822/cython-3.3.0-cp315-cp315-manylinux2014_x86_64.manylinux_2_17_x86_64.manylinux_2_28_x86_64.whl", hash = "sha256:b447f6906e0555f05dc4742ef1f99091b1e5d9aa9f16616e772fbf9ff6271616" },
    { url = "https://mirrors.aliyun.com/pypi/packages/44/bb/3e2631122f96300723d6fc42b9cf65550bdcda570a6ad5c4e0226e2e787c/cython-3.3.0-cp315-cp315-win_amd64.whl", hash = "sha256:b55c72e8eccdd508c8de3cf3bbc543aafbb3bf6a518e1ee20358d3241cd780ef" },
    { url = "https://mirrors.aliyun.com/pypi/packages/14/59/bc1a84b434cb5bebb0cd6f50da8f239d35a5c141b20fdeafc2817fd87778/cython-3.3.0-cp39-abi3-macosx_10_9_x86_64.whl", hash = "sha256:e0d2713d2b292c826bc21dc8732bd9e47628103aa3764180c881e04b3fef95dc" },
    { url = "https://mirrors.aliyun.com/pypi/packages/ba/6d/542e32908fb421d88354f327ed6450e14240f9825d25393065bc65f4723f/cython-3.3.0-cp39-abi3-manylinux1_i686.manylinux_2_28_i686.manylinux_2_5_i686.whl", hash = "sha256:169e56fd411f4cd5bba51c82f8239421d547a846099db2b261e4aed48ba9f51f" },
    { url = "https://mirrors.aliyun.com/pypi/packages/9c/7c/ddaf197bc65b581e1891657940bc4f7cb1f740e822115e828920b3a119ce/cython-3.3.0-cp39-abi3-manylinux2014_armv7l.manylinux_2_17_armv7l.manylinux_2_31_armv7l.whl", hash = "sha256:29f38ebafdf23e3da2516f40c4d065da38bfe002181bf93e2b8cf1262449aba6" },
    { url = "https://mirrors.aliyun.com/pypi/packages/19/a7/ae5ec3e34d43da846ed4c425734752d83aae0dae49feb929f09c90fc9afa/cython-3.3.0-cp39-abi3-musllinux_1_2_aarch64.whl", hash = "sha256:75c4ae8a6d3a5ccf3cdaba8ab32e6a8d0cd38e3a476aa7ac12df8f8171a8d570" },
    { url = "https://mirrors.aliyun.com/pypi/packages/31/44/c60b601fc43f0b08e9d6f14b94e0dd02eb0ca8d60f46e242ace7191ac1be/cython-3.3.0-cp39-abi3-musllinux_1_2_armv7l.whl", hash = "sha256:b94fb5613b9fe34c27d13ec9972dc0dcd2a2155db2902e93921cadc162610a38" },
    { url = "https://mirrors.aliyun.com/pypi/packages/b0/9e/d735c26ed907563d3365534006acb263651c2d3b87fee804f7a483dd1714/cython-3.3.0-cp39-abi3-musllinux_1_2_i686.whl", hash = "sha256:c4558ba85849ab65dc57e10fd0efb13fabd9d3c09981a2566e18dec7cf47586a" },
    { url = "https://mirrors.aliyun.com/pypi/packages/e0/e8/aa7b4f3a28d6e8117c76e2cf78a0df7a503486cdf7243c5b53200c9533a1/cython-3.3.0-cp39-abi3-musllinux_1_2_x86_64.whl", hash = "sha256:311a016369adfd1e0015c4f9819168fc0e518451d7efb4435c30d65a3a26d52b" },
    { url = "https://mirrors.aliyun.com/pypi/packages/9c/66/37892a8999d6bbd3f92d691a9701cb720c8ddd6171e16f5148eee6e8cb7f/cython-3.3.0-cp39-abi3-win32.whl", hash = "sha256:90869072e50b7c8904fe1dd7810321ae901fd5637a6eec6646ed9c57f9eb1081" },
    { url = "https://mirrors.aliyun.com/pypi/packages/19/a2/5f4d305cbd4489d21570e5491ad5c483c478cdab032853e2125c280e3bd5/cython-3.3.0-cp39-abi3-win_arm64.whl", hash = "sha256:dce56c26d388f00a19426371b6926bf2f77c5c03b71d5273e4556c68be98c2dd" },
    { url = "https://mirrors.aliyun.com/pypi/packages/bf/77/67b0b24e45073a699610e50f00c18474ff9b09ea29ecc95083bdf5e60acd/cython-3.3.0-py3-none-any.whl", hash = "sha256:9b24b5c8cd536946b62086fcafee6d5509d3f549f72d553d2336af87ffbe0da1" },
]

[[package]]
name = "iniconfig"
version = "2.3.0"
source = { registry = "https://mirrors.aliyun.com/pypi/simple/" }
sdist = { url = "https://mirrors.aliyun.com/pypi/packages/72/34/14ca021ce8e5dfedc35312d08ba8bf51fdd999c576889fc2c24cb97f4f10/iniconfig-2.3.0.tar.gz", hash = "sha256:c76315c77db068650d49c5b56314774a7804df16fee4402c1f19d6d15d8c4730" }
wheels = [
    { url = "https://mirrors.aliyun.com/pypi/packages/cb/b1/3846dd7f199d53cb17f49cba7e651e9ce294d8497c8c150530ed11865bb8/iniconfig-2.3.0-py3-none-any.whl", hash = "sha256:f631c04d2c48c52b84d0d0549c99ff3859c98df65b3101406327ecc7d53fbf12" },
]

[[package]]
name = "packaging"
version = "26.3"
source = { registry = "https://mirrors.aliyun.com/pypi/simple/" }
sdist = { url = "https://mirrors.aliyun.com/pypi/packages/7d/fa/3944b40b07da9ce895c0e6303a5ab7d53da063554f534556b134a54d6093/packaging-26.3.tar.gz", hash = "sha256:94edc256424af38762eb31306eed28beb9f0efc50a8837492c9d6fd6004aed79" }
wheels = [
    { url = "https://mirrors.aliyun.com/pypi/packages/63/34/ba1c580383c9eada3711951fef0795c80b829a078d72188184bcab9dd527/packaging-26.3-py3-none-any.whl", hash = "sha256:d7193f7c8e4e93f444fde0262bf90af30e16fa0ad0ad44cb553c87339b23cd1c" },
]

[[package]]
name = "pluggy"
version = "1.6.0"
source = { registry = "https://mirrors.aliyun.com/pypi/simple/" }
sdist = { url = "https://mirrors.aliyun.com/pypi/packages/f9/e2/3e91f31a7d2b083fe6ef3fa267035b518369d9511ffab804f839851d2779/pluggy-1.6.0.tar.gz", hash = "sha256:7dcc130b76258d33b90f61b658791dede3486c3e6bfb003ee5c9bfb396dd22f3" }
wheels = [
    { url = "https://mirrors.aliyun.com/pypi/packages/54/20/4d324d65cc6d9205fabedc306948156824eb9f0ee1633355a8f7ec5c66bf/pluggy-1.6.0-py3-none-any.whl", hash = "sha256:e920276dd6813095e9377c0bc5566d94c932c33b27a3e3945d8389c374dd4746" },
]

[[package]]
name = "pygments"
version = "2.21.0"
source = { registry = "https://mirrors.aliyun.com/pypi/simple/" }
sdist = { url = "https://mirrors.aliyun.com/pypi/packages/49/2e/ced460408999b33da6b31b0021b0f37d329e202d4169aeb164493778f25b/pygments-2.21.0.tar.gz", hash = "sha256:610ca751c9bc2492b38eb9a38a7fbc93edbbb2d7182edaf34e66ae493dee5c8c" }
wheels = [
    { url = "https://mirrors.aliyun.com/pypi/packages/71/46/17f022dd3e953bf20a04a028a21ec746d942f8d2af30fa0f124fa0e6a684/pygments-2.21.0-py3-none-any.whl", hash = "sha256:2363c69b61c4a97c838da3b130dcd6468f4848992b21a82f2a63ec34377137d9" },
]

[[package]]
name = "pytest"
version = "9.1.1"
source = { registry = "https://mirrors.aliyun.com/pypi/simple/" }
dependencies = [
    { name = "colorama", marker = "sys_platform == 'win32'" },
    { name = "iniconfig" },
    { name = "packaging" },
    { name = "pluggy" },
    { name = "pygments" },
]
sdist = { url = "https://mirrors.aliyun.com/pypi/packages/e4/47/b9efed96c114afcfa3c9d3fe98a76a1d14c74a9e266d397cf6eb64be5e01/pytest-9.1.1.tar.gz", hash = "sha256:1088fbde8f2b49d95a549a195707afa7a76a3ce9bcadc26b6d71f0ffda5fe313" }
wheels = [
    { url = "https://mirrors.aliyun.com/pypi/packages/24/25/1de2678b631f5a49215c6c96fff41ba892b0a34df68d6d80292b1b48aa7f/pytest-9.1.1-py3-none-any.whl", hash = "sha256:37a86b45efb9a47a61a36449063e8e18d0cab3161329fc099eb21783169c4f0c" },
]

[[package]]
name = "riu-lang"
version = "0.1.0"
source = { editable = "." }

[package.dev-dependencies]
dev = [
    { name = "cython" },
    { name = "pytest" },
]

[package.metadata]

[package.metadata.requires-dev]
dev = [
    { name = "cython", specifier = ">=3.2.5" },
    { name = "pytest", specifier = ">=8" },
]
